
Microsoft Visual Studio Solution File, Format Version 12.00
# Visual Studio 15
VisualStudioVersion = 15.0.28307.960
MinimumVisualStudioVersion = 10.0.40219.1
Project("{FAE04EC0-301F-11D3-BF4B-00C04F79EFBC}") = "PhersonalApplication.Android", "PhersonalApplication\PhersonalApplication.Android\PhersonalApplication.Android.csproj", "{D09BB06F-D2C6-49AC-A589-8C5FF7151C76}"
EndProject
Project("{FAE04EC0-301F-11D3-BF4B-00C04F79EFBC}") = "PhersonalApplication.iOS", "PhersonalApplication\PhersonalApplication.iOS\PhersonalApplication.iOS.csproj", "{E12DED7F-2C92-419E-9EB9-DED7EBD93C64}"
EndProject
Project("{FAE04EC0-301F-11D3-BF4B-00C04F79EFBC}") = "PhersonalApplication", "PhersonalApplication\PhersonalApplication\PhersonalApplication.csproj", "{AC2B0B2E-4D5D-4C7D-8D4F-0D0CD806EB55}"
EndProject
Global
	GlobalSection(SolutionConfigurationPlatforms) = preSolution
		Debug|Any CPU = Debug|Any CPU
		Debug|iPhone = Debug|iPhone
		Debug|iPhoneSimulator = Debug|iPhoneSimulator
		Release|Any CPU = Release|Any CPU
		Release|iPhone = Release|iPhone
		Release|iPhoneSimulator = Release|iPhoneSimulator
	EndGlobalSection
	GlobalSection(ProjectConfigurationPlatforms) = postSolution
		{D09BB06F-D2C6-49AC-A589-8C5FF7151C76}.Debug|Any CPU.ActiveCfg = Debug|Any CPU
		{D09BB06F-D2C6-49AC-A589-8C5FF7151C76}.Debug|Any CPU.Build.0 = Debug|Any CPU
		{D09BB06F-D2C6-49AC-A589-8C5FF7151C76}.Debug|Any CPU.Deploy.0 = Debug|Any CPU
		{D09BB06F-D2C6-49AC-A589-8C5FF7151C76}.Debug|iPhone.ActiveCfg = Debug|Any CPU
		{D09BB06F-D2C6-49AC-A589-8C5FF7151C76}.Debug|iPhone.Build.0 = Debug|Any CPU
		{D09BB06F-D2C6-49AC-A589-8C5FF7151C76}.Debug|iPhone.Deploy.0 = Debug|Any CPU
		{D09BB06F-D2C6-49AC-A589-8C5FF7151C76}.Debug|iPhoneSimulator.ActiveCfg = Debug|Any CPU
		{D09BB06F-D2C6-49AC-A589-8C5FF7151C76}.Debug|iPhoneSimulator.Build.0 = Debug|Any CPU
		{D09BB06F-D2C6-49AC-A589-8C5FF7151C76}.Debug|iPhoneSimulator.Deploy.0 = Debug|Any CPU
		{D09BB06F-D2C6-49AC-A589-8C5FF7151C76}.Release|Any CPU.ActiveCfg = Release|Any CPU
		{D09BB06F-D2C6-49AC-A589-8C5FF7151C76}.Release|Any CPU.Build.0 = Release|Any CPU
		{D09BB06F-D2C6-49AC-A589-8C5FF7151C76}.Release|Any CPU.Deploy.0 = Release|Any CPU
		{D09BB06F-D2C6-49AC-A589-8C5FF7151C76}.Release|iPhone.ActiveCfg = Release|Any CPU
		{D09BB06F-D2C6-49AC-A589-8C5FF7151C76}.Release|iPhone.Build.0 = Release|Any CPU
		{D09BB06F-D2C6-49AC-A589-8C5FF7151C76}.Release|iPhone.Deploy.0 = Release|Any CPU
		{D09BB06F-D2C6-49AC-A589-8C5FF7151C76}.Release|iPhoneSimulator.ActiveCfg = Release|Any CPU
		{D09BB06F-D2C6-49AC-A589-8C5FF7151C76}.Release|iPhoneSimulator.Build.0 = Release|Any CPU
		{D09BB06F-D2C6-49AC-A589-8C5FF7151C76}.Release|iPhoneSimulator.Deploy.0 = Release|Any CPU
		{E12DED7F-2C92-419E-9EB9-DED7EBD93C64}.Debug|Any CPU.ActiveCfg = Debug|iPhoneSimulator
		{E12DED7F-2C92-419E-9EB9-DED7EBD93C64}.Debug|Any CPU.Build.0 = Debug|iPhoneSimulator
		{E12DED7F-2C92-419E-9EB9-DED7EBD93C64}.Debug|Any CPU.Deploy.0 = Debug|iPhoneSimulator
		{E12DED7F-2C92-419E-9EB9-DED7EBD93C64}.Debug|iPhone.ActiveCfg = Debug|iPhone
		{E12DED7F-2C92-419E-9EB9-DED7EBD93C64}.Debug|iPhone.Build.0 = Debug|iPhone
		{E12DED7F-2C92-419E-9EB9-DED7EBD93C64}.Debug|iPhone.Deploy.0 = Debug|iPhone
		{E12DED7F-2C92-419E-9EB9-DED7EBD93C64}.Debug|iPhoneSimulator.ActiveCfg = Debug|iPhoneSimulator
		{E12DED7F-2C92-419E-9EB9-DED7EBD93C64}.Debug|iPhoneSimulator.Build.0 = Debug|iPhoneSimulator
		{E12DED7F-2C92-419E-9EB9-DED7EBD93C64}.Debug|iPhoneSimulator.Deploy.0 = Debug|iPhoneSimulator
		{E12DED7F-2C92-419E-9EB9-DED7EBD93C64}.Release|Any CPU.ActiveCfg = Release|iPhone
		{E12DED7F-2C92-419E-9EB9-DED7EBD93C64}.Release|Any CPU.Build.0 = Release|iPhone
		{E12DED7F-2C92-419E-9EB9-DED7EBD93C64}.Release|Any CPU.Deploy.0 = Release|iPhone
		{E12DED7F-2C92-419E-9EB9-DED7EBD93C64}.Release|iPhone.ActiveCfg = Release|iPhone
		{E12DED7F-2C92-419E-9EB9-DED7EBD93C64}.Release|iPhone.Build.0 = Release|iPhone
		{E12DED7F-2C92-419E-9EB9-DED7EBD93C64}.Release|iPhone.Deploy.0 = Release|iPhone
		{E12DED7F-2C92-419E-9EB9-DED7EBD93C64}.Release|iPhoneSimulator.ActiveCfg = Release|iPhoneSimulator
		{E12DED7F-2C92-419E-9EB9-DED7EBD93C64}.Release|iPhoneSimulator.Build.0 = Release|iPhoneSimulator
		{E12DED7F-2C92-419E-9EB9-DED7EBD93C64}.Release|iPhoneSimulator.Deploy.0 = Release|iPhoneSimulator
		{AC2B0B2E-4D5D-4C7D-8D4F-0D0CD806EB55}.Debug|Any CPU.ActiveCfg = Debug|Any CPU
		{AC2B0B2E-4D5D-4C7D-8D4F-0D0CD806EB55}.Debug|Any CPU.Build.0 = Debug|Any CPU
		{AC2B0B2E-4D5D-4C7D-8D4F-0D0CD806EB55}.Debug|Any CPU.Deploy.0 = Debug|Any CPU
		{AC2B0B2E-4D5D-4C7D-8D4F-0D0CD806EB55}.Debug|iPhone.ActiveCfg = Debug|Any CPU
		{AC2B0B2E-4D5D-4C7D-8D4F-0D0CD806EB55}.Debug|iPhone.Build.0 = Debug|Any CPU
		{AC2B0B2E-4D5D-4C7D-8D4F-0D0CD806EB55}.Debug|iPhone.Deploy.0 = Debug|Any CPU
		{AC2B0B2E-4D5D-4C7D-8D4F-0D0CD806EB55}.Debug|iPhoneSimulator.ActiveCfg = Debug|Any CPU
		{AC2B0B2E-4D5D-4C7D-8D4F-0D0CD806EB55}.Debug|iPhoneSimulator.Build.0 = Debug|Any CPU
		{AC2B0B2E-4D5D-4C7D-8D4F-0D0CD806EB55}.Debug|iPhoneSimulator.Deploy.0 = Debug|Any CPU
		{AC2B0B2E-4D5D-4C7D-8D4F-0D0CD806EB55}.Release|Any CPU.ActiveCfg = Release|Any CPU
		{AC2B0B2E-4D5D-4C7D-8D4F-0D0CD806EB55}.Release|Any CPU.Build.0 = Release|Any CPU
		{AC2B0B2E-4D5D-4C7D-8D4F-0D0CD806EB55}.Release|Any CPU.Deploy.0 = Release|Any CPU
		{AC2B0B2E-4D5D-4C7D-8D4F-0D0CD806EB55}.Release|iPhone.ActiveCfg = Release|Any CPU
		{AC2B0B2E-4D5D-4C7D-8D4F-0D0CD806EB55}.Release|iPhone.Build.0 = Release|Any CPU
		{AC2B0B2E-4D5D-4C7D-8D4F-0D0CD806EB55}.Release|iPhone.Deploy.0 = Release|Any CPU
		{AC2B0B2E-4D5D-4C7D-8D4F-0D0CD806EB55}.Release|iPhoneSimulator.ActiveCfg = Release|Any CPU
		{AC2B0B2E-4D5D-4C7D-8D4F-0D0CD806EB55}.Release|iPhoneSimulator.Build.0 = Release|Any CPU
		{AC2B0B2E-4D5D-4C7D-8D4F-0D0CD806EB55}.Release|iPhoneSimulator.Deploy.0 = Release|Any CPU
	EndGlobalSection
	GlobalSection(SolutionProperties) = preSolution
		HideSolutionNode = FALSE
	EndGlobalSection
	GlobalSection(ExtensibilityGlobals) = postSolution
		SolutionGuid = {5A9A969B-8E82-48B2-870C-6C8F0503ECE7}
	EndGlobalSection
EndGlobal
